
Microsoft Visual Studio Solution File, Format Version 12.00
# Visual Studio 15
VisualStudioVersion = 15.0.28307.271
MinimumVisualStudioVersion = 10.0.40219.1
Project("{9A19103F-16F7-4668-BE54-9A1E7A4F7556}") = "CrowdFundingServer", "crowdfunding-server\CrowdFundingServer.csproj", "{5D34BF60-BDE0-4285-A80F-39E14D84B8F6}"
EndProject
Global
	GlobalSection(SolutionConfigurationPlatforms) = preSolution
		Debug|Any CPU = Debug|Any CPU
		Release|Any CPU = Release|Any CPU
	EndGlobalSection
	GlobalSection(ProjectConfigurationPlatforms) = postSolution
		{5D34BF60-BDE0-4285-A80F-39E14D84B8F6}.Debug|Any CPU.ActiveCfg = Debug|Any CPU
		{5D34BF60-BDE0-4285-A80F-39E14D84B8F6}.Debug|Any CPU.Build.0 = Debug|Any CPU
		{5D34BF60-BDE0-4285-A80F-39E14D84B8F6}.Release|Any CPU.ActiveCfg = Release|Any CPU
		{5D34BF60-BDE0-4285-A80F-39E14D84B8F6}.Release|Any CPU.Build.0 = Release|Any CPU
	EndGlobalSection
	GlobalSection(SolutionProperties) = preSolution
		HideSolutionNode = FALSE
	EndGlobalSection
	GlobalSection(ExtensibilityGlobals) = postSolution
		SolutionGuid = {2C98CADE-AB76-4BA5-B32A-2B4FFB6E26C0}
	EndGlobalSection
EndGlobal
